lockfileVersion: '9.0'

settings:
  autoInstallPeers: true
  excludeLinksFromLockfile: false

importers:

  .:
    devDependencies:
      prettier:
        specifier: ^3.6.2
        version: 3.9.6
      typescript:
        specifier: ^5.9.2
        version: 5.9.3

  apps/admin-web:
    devDependencies:
      typescript:
        specifier: ^5.9.2
        version: 5.9.3

  apps/child-web:
    devDependencies:
      typescript:
        specifier: ^5.9.2
        version: 5.9.3

  apps/max-miniapp:
    devDependencies:
      typescript:
        specifier: ^5.9.2
        version: 5.9.3

  apps/parent-web:
    devDependencies:
      typescript:
        specifier: ^5.9.2
        version: 5.9.3

  apps/telegram-miniapp:
    devDependencies:
      typescript:
        specifier: ^5.9.2
        version: 5.9.3

  packages/api-client:
    devDependencies:
      typescript:
        specifier: ^5.9.2
        version: 5.9.3

  packages/domain-types:
    devDependencies:
      typescript:
        specifier: ^5.9.2
        version: 5.9.3

  packages/exercise-engine:
    devDependencies:
      typescript:
        specifier: ^5.9.2
        version: 5.9.3

  packages/game-engine:
    devDependencies:
      typescript:
        specifier: ^5.9.2
        version: 5.9.3

  packages/task-engine:
    devDependencies:
      typescript:
        specifier: ^5.9.2
        version: 5.9.3

  packages/ui:
    devDependencies:
      typescript:
        specifier: ^5.9.2
        version: 5.9.3

  packages/verification:
    devDependencies:
      typescript:
        specifier: ^5.9.2
        version: 5.9.3

  services/ai:
    devDependencies:
      typescript:
        specifier: ^5.9.2
        version: 5.9.3

  services/api:
    devDependencies:
      typescript:
        specifier: ^5.9.2
        version: 5.9.3

  services/moderation:
    devDependencies:
      typescript:
        specifier: ^5.9.2
        version: 5.9.3

  services/notifications:
    devDependencies:
      typescript:
        specifier: ^5.9.2
        version: 5.9.3

  services/realtime:
    devDependencies:
      typescript:
        specifier: ^5.9.2
        version: 5.9.3

  services/worker:
    devDependencies:
      typescript:
        specifier: ^5.9.2
        version: 5.9.3

packages:

  prettier@3.9.6:
    resolution: {integrity: sha512-OpN0zzVdiaiAhxpuuj5efpIS4sY9j7bY6uR5mnj5yPzGkdkjNKSJeUThPb60Jw29QuAZgA4o+/iB49kFiaBX6g==}
    engines: {node: '>=14'}
    hasBin: true

  typescript@5.9.3:
    resolution: {integrity: sha512-jl1vZzPDinLr9eUt3J/t7V6FgNEw9QjvBPdysz9KfQDD41fQrC2Y4vKQdiaUpFT4bXlb1RHhLpp8wtm6M5TgSw==}
    engines: {node: '>=14.17'}
    hasBin: true

snapshots:

  prettier@3.9.6: {}

  typescript@5.9.3: {}
